
Microsoft Visual Studio Solution File, Format Version 12.00
# Visual Studio 2012
Project("{FAE04EC0-301F-11D3-BF4B-00C04F79EFBC}") = "RightpointLabs.Pourcast.Web", "RightpointLabs.Pourcast.Web\RightpointLabs.Pourcast.Web.csproj", "{F114F2A6-3380-41E8-B957-5FA4A5CC4762}"
EndProject
Project("{FAE04EC0-301F-11D3-BF4B-00C04F79EFBC}") = "RightpointLabs.Pourcast.Tests", "RightpointLabs.Pourcast.Tests\RightpointLabs.Pourcast.Tests.csproj", "{85E756AA-2F6A-49D9-B024-C866020B4119}"
EndProject
Project("{2150E333-8FDC-42A3-9474-1A3956D46DE8}") = ".nuget", ".nuget", "{F4C9301C-CC77-475E-A457-7B14636A5A1C}"
	ProjectSection(SolutionItems) = preProject
		.nuget\NuGet.Config = .nuget\NuGet.Config
		.nuget\NuGet.exe = .nuget\NuGet.exe
		.nuget\NuGet.targets = .nuget\NuGet.targets
	EndProjectSection
EndProject
Project("{FAE04EC0-301F-11D3-BF4B-00C04F79EFBC}") = "RightpointLabs.Pourcast.Infrastructure", "RightpointLabs.Pourcast.Infrastructure\RightpointLabs.Pourcast.Infrastructure.csproj", "{D0B87DD1-9300-4D6F-BE99-75386826CBBD}"
EndProject
Project("{FAE04EC0-301F-11D3-BF4B-00C04F79EFBC}") = "RightpointLabs.Pourcast.Domain", "RightpointLabs.Pourcast.Domain\RightpointLabs.Pourcast.Domain.csproj", "{86A90834-4FDA-40E7-810F-F1AB0ADE8FE0}"
EndProject
Project("{FAE04EC0-301F-11D3-BF4B-00C04F79EFBC}") = "RightpointLabs.Pourcast.Application", "RightpointLabs.Pourcast.Application\RightpointLabs.Pourcast.Application.csproj", "{15F3381D-CF8B-46E5-A323-6454A4E7D2C3}"
EndProject
Global
	GlobalSection(SolutionConfigurationPlatforms) = preSolution
		Debug|Any CPU = Debug|Any CPU
		Ethernet|Any CPU = Ethernet|Any CPU
		NoNetworking|Any CPU = NoNetworking|Any CPU
		Release|Any CPU = Release|Any CPU
		Wifi|Any CPU = Wifi|Any CPU
	EndGlobalSection
	GlobalSection(ProjectConfigurationPlatforms) = postSolution
		{F114F2A6-3380-41E8-B957-5FA4A5CC4762}.Debug|Any CPU.ActiveCfg = Debug|Any CPU
		{F114F2A6-3380-41E8-B957-5FA4A5CC4762}.Debug|Any CPU.Build.0 = Debug|Any CPU
		{F114F2A6-3380-41E8-B957-5FA4A5CC4762}.Ethernet|Any CPU.ActiveCfg = Release|Any CPU
		{F114F2A6-3380-41E8-B957-5FA4A5CC4762}.Ethernet|Any CPU.Build.0 = Release|Any CPU
		{F114F2A6-3380-41E8-B957-5FA4A5CC4762}.NoNetworking|Any CPU.ActiveCfg = Release|Any CPU
		{F114F2A6-3380-41E8-B957-5FA4A5CC4762}.NoNetworking|Any CPU.Build.0 = Release|Any CPU
		{F114F2A6-3380-41E8-B957-5FA4A5CC4762}.Release|Any CPU.ActiveCfg = Release|Any CPU
		{F114F2A6-3380-41E8-B957-5FA4A5CC4762}.Release|Any CPU.Build.0 = Release|Any CPU
		{F114F2A6-3380-41E8-B957-5FA4A5CC4762}.Wifi|Any CPU.ActiveCfg = Release|Any CPU
		{F114F2A6-3380-41E8-B957-5FA4A5CC4762}.Wifi|Any CPU.Build.0 = Release|Any CPU
		{85E756AA-2F6A-49D9-B024-C866020B4119}.Debug|Any CPU.ActiveCfg = Debug|Any CPU
		{85E756AA-2F6A-49D9-B024-C866020B4119}.Debug|Any CPU.Build.0 = Debug|Any CPU
		{85E756AA-2F6A-49D9-B024-C866020B4119}.Ethernet|Any CPU.ActiveCfg = Release|Any CPU
		{85E756AA-2F6A-49D9-B024-C866020B4119}.Ethernet|Any CPU.Build.0 = Release|Any CPU
		{85E756AA-2F6A-49D9-B024-C866020B4119}.NoNetworking|Any CPU.ActiveCfg = Release|Any CPU
		{85E756AA-2F6A-49D9-B024-C866020B4119}.NoNetworking|Any CPU.Build.0 = Release|Any CPU
		{85E756AA-2F6A-49D9-B024-C866020B4119}.Release|Any CPU.ActiveCfg = Release|Any CPU
		{85E756AA-2F6A-49D9-B024-C866020B4119}.Release|Any CPU.Build.0 = Release|Any CPU
		{85E756AA-2F6A-49D9-B024-C866020B4119}.Wifi|Any CPU.ActiveCfg = Release|Any CPU
		{85E756AA-2F6A-49D9-B024-C866020B4119}.Wifi|Any CPU.Build.0 = Release|Any CPU
		{D0B87DD1-9300-4D6F-BE99-75386826CBBD}.Debug|Any CPU.ActiveCfg = Debug|Any CPU
		{D0B87DD1-9300-4D6F-BE99-75386826CBBD}.Debug|Any CPU.Build.0 = Debug|Any CPU
		{D0B87DD1-9300-4D6F-BE99-75386826CBBD}.Ethernet|Any CPU.ActiveCfg = Release|Any CPU
		{D0B87DD1-9300-4D6F-BE99-75386826CBBD}.Ethernet|Any CPU.Build.0 = Release|Any CPU
		{D0B87DD1-9300-4D6F-BE99-75386826CBBD}.NoNetworking|Any CPU.ActiveCfg = Release|Any CPU
		{D0B87DD1-9300-4D6F-BE99-75386826CBBD}.NoNetworking|Any CPU.Build.0 = Release|Any CPU
		{D0B87DD1-9300-4D6F-BE99-75386826CBBD}.Release|Any CPU.ActiveCfg = Release|Any CPU
		{D0B87DD1-9300-4D6F-BE99-75386826CBBD}.Release|Any CPU.Build.0 = Release|Any CPU
		{D0B87DD1-9300-4D6F-BE99-75386826CBBD}.Wifi|Any CPU.ActiveCfg = Release|Any CPU
		{D0B87DD1-9300-4D6F-BE99-75386826CBBD}.Wifi|Any CPU.Build.0 = Release|Any CPU
		{86A90834-4FDA-40E7-810F-F1AB0ADE8FE0}.Debug|Any CPU.ActiveCfg = Debug|Any CPU
		{86A90834-4FDA-40E7-810F-F1AB0ADE8FE0}.Debug|Any CPU.Build.0 = Debug|Any CPU
		{86A90834-4FDA-40E7-810F-F1AB0ADE8FE0}.Ethernet|Any CPU.ActiveCfg = Release|Any CPU
		{86A90834-4FDA-40E7-810F-F1AB0ADE8FE0}.Ethernet|Any CPU.Build.0 = Release|Any CPU
		{86A90834-4FDA-40E7-810F-F1AB0ADE8FE0}.NoNetworking|Any CPU.ActiveCfg = Release|Any CPU
		{86A90834-4FDA-40E7-810F-F1AB0ADE8FE0}.NoNetworking|Any CPU.Build.0 = Release|Any CPU
		{86A90834-4FDA-40E7-810F-F1AB0ADE8FE0}.Release|Any CPU.ActiveCfg = Release|Any CPU
		{86A90834-4FDA-40E7-810F-F1AB0ADE8FE0}.Release|Any CPU.Build.0 = Release|Any CPU
		{86A90834-4FDA-40E7-810F-F1AB0ADE8FE0}.Wifi|Any CPU.ActiveCfg = Release|Any CPU
		{86A90834-4FDA-40E7-810F-F1AB0ADE8FE0}.Wifi|Any CPU.Build.0 = Release|Any CPU
		{15F3381D-CF8B-46E5-A323-6454A4E7D2C3}.Debug|Any CPU.ActiveCfg = Debug|Any CPU
		{15F3381D-CF8B-46E5-A323-6454A4E7D2C3}.Debug|Any CPU.Build.0 = Debug|Any CPU
		{15F3381D-CF8B-46E5-A323-6454A4E7D2C3}.Ethernet|Any CPU.ActiveCfg = Release|Any CPU
		{15F3381D-CF8B-46E5-A323-6454A4E7D2C3}.Ethernet|Any CPU.Build.0 = Release|Any CPU
		{15F3381D-CF8B-46E5-A323-6454A4E7D2C3}.NoNetworking|Any CPU.ActiveCfg = Release|Any CPU
		{15F3381D-CF8B-46E5-A323-6454A4E7D2C3}.NoNetworking|Any CPU.Build.0 = Release|Any CPU
		{15F3381D-CF8B-46E5-A323-6454A4E7D2C3}.Release|Any CPU.ActiveCfg = Release|Any CPU
		{15F3381D-CF8B-46E5-A323-6454A4E7D2C3}.Release|Any CPU.Build.0 = Release|Any CPU
		{15F3381D-CF8B-46E5-A323-6454A4E7D2C3}.Wifi|Any CPU.ActiveCfg = Release|Any CPU
		{15F3381D-CF8B-46E5-A323-6454A4E7D2C3}.Wifi|Any CPU.Build.0 = Release|Any CPU
	EndGlobalSection
	GlobalSection(SolutionProperties) = preSolution
		HideSolutionNode = FALSE
	EndGlobalSection
EndGlobal
