
Microsoft Visual Studio Solution File, Format Version 12.00
# Visual Studio 15
VisualStudioVersion = 15.0.27004.2002
MinimumVisualStudioVersion = 10.0.40219.1
Project("{2150E333-8FDC-42A3-9474-1A3956D46DE8}") = ".nuget", ".nuget", "{F4C9301C-CC77-475E-A457-7B14636A5A1C}"
	ProjectSection(SolutionItems) = preProject
		.nuget\NuGet.Config = .nuget\NuGet.Config
		.nuget\NuGet.exe = .nuget\NuGet.exe
		.nuget\NuGet.targets = .nuget\NuGet.targets
	EndProjectSection
EndProject
Project("{9A19103F-16F7-4668-BE54-9A1E7A4F7556}") = "Functions", "Functions\Functions.csproj", "{5376307D-2141-4F1D-B69B-395710AFAA19}"
EndProject
Project("{FAE04EC0-301F-11D3-BF4B-00C04F79EFBC}") = "Common", "Common\Common.csproj", "{1CA81085-E056-4A08-8802-2A9235210EB3}"
EndProject
Project("{FAE04EC0-301F-11D3-BF4B-00C04F79EFBC}") = "Domain", "Domain\Domain.csproj", "{19E8EC00-6EEE-414C-83D3-CA82824A9539}"
EndProject
Project("{FAE04EC0-301F-11D3-BF4B-00C04F79EFBC}") = "Infrastructure", "Infrastructure\Infrastructure.csproj", "{08A63362-99B8-40DD-A172-D1BDD032D1D2}"
EndProject
Project("{FAE04EC0-301F-11D3-BF4B-00C04F79EFBC}") = "DataGenerator", "DataGenerator\DataGenerator.csproj", "{9FFDFBEB-DC80-45B3-BE17-9832A33B3C0D}"
EndProject
Project("{9A19103F-16F7-4668-BE54-9A1E7A4F7556}") = "Web", "Web\Web.csproj", "{80420E6A-30FB-4449-895D-9785D338F13F}"
EndProject
Global
	GlobalSection(SolutionConfigurationPlatforms) = preSolution
		Debug|Any CPU = Debug|Any CPU
		Ethernet|Any CPU = Ethernet|Any CPU
		NoNetworking|Any CPU = NoNetworking|Any CPU
		Release|Any CPU = Release|Any CPU
		Wifi|Any CPU = Wifi|Any CPU
	EndGlobalSection
	GlobalSection(ProjectConfigurationPlatforms) = postSolution
		{5376307D-2141-4F1D-B69B-395710AFAA19}.Debug|Any CPU.ActiveCfg = Debug|Any CPU
		{5376307D-2141-4F1D-B69B-395710AFAA19}.Debug|Any CPU.Build.0 = Debug|Any CPU
		{5376307D-2141-4F1D-B69B-395710AFAA19}.Ethernet|Any CPU.ActiveCfg = Debug|Any CPU
		{5376307D-2141-4F1D-B69B-395710AFAA19}.Ethernet|Any CPU.Build.0 = Debug|Any CPU
		{5376307D-2141-4F1D-B69B-395710AFAA19}.NoNetworking|Any CPU.ActiveCfg = Debug|Any CPU
		{5376307D-2141-4F1D-B69B-395710AFAA19}.NoNetworking|Any CPU.Build.0 = Debug|Any CPU
		{5376307D-2141-4F1D-B69B-395710AFAA19}.Release|Any CPU.ActiveCfg = Release|Any CPU
		{5376307D-2141-4F1D-B69B-395710AFAA19}.Release|Any CPU.Build.0 = Release|Any CPU
		{5376307D-2141-4F1D-B69B-395710AFAA19}.Wifi|Any CPU.ActiveCfg = Debug|Any CPU
		{5376307D-2141-4F1D-B69B-395710AFAA19}.Wifi|Any CPU.Build.0 = Debug|Any CPU
		{1CA81085-E056-4A08-8802-2A9235210EB3}.Debug|Any CPU.ActiveCfg = Debug|Any CPU
		{1CA81085-E056-4A08-8802-2A9235210EB3}.Debug|Any CPU.Build.0 = Debug|Any CPU
		{1CA81085-E056-4A08-8802-2A9235210EB3}.Ethernet|Any CPU.ActiveCfg = Release|Any CPU
		{1CA81085-E056-4A08-8802-2A9235210EB3}.Ethernet|Any CPU.Build.0 = Release|Any CPU
		{1CA81085-E056-4A08-8802-2A9235210EB3}.NoNetworking|Any CPU.ActiveCfg = Release|Any CPU
		{1CA81085-E056-4A08-8802-2A9235210EB3}.NoNetworking|Any CPU.Build.0 = Release|Any CPU
		{1CA81085-E056-4A08-8802-2A9235210EB3}.Release|Any CPU.ActiveCfg = Release|Any CPU
		{1CA81085-E056-4A08-8802-2A9235210EB3}.Release|Any CPU.Build.0 = Release|Any CPU
		{1CA81085-E056-4A08-8802-2A9235210EB3}.Wifi|Any CPU.ActiveCfg = Release|Any CPU
		{1CA81085-E056-4A08-8802-2A9235210EB3}.Wifi|Any CPU.Build.0 = Release|Any CPU
		{19E8EC00-6EEE-414C-83D3-CA82824A9539}.Debug|Any CPU.ActiveCfg = Debug|Any CPU
		{19E8EC00-6EEE-414C-83D3-CA82824A9539}.Debug|Any CPU.Build.0 = Debug|Any CPU
		{19E8EC00-6EEE-414C-83D3-CA82824A9539}.Ethernet|Any CPU.ActiveCfg = Release|Any CPU
		{19E8EC00-6EEE-414C-83D3-CA82824A9539}.Ethernet|Any CPU.Build.0 = Release|Any CPU
		{19E8EC00-6EEE-414C-83D3-CA82824A9539}.NoNetworking|Any CPU.ActiveCfg = Release|Any CPU
		{19E8EC00-6EEE-414C-83D3-CA82824A9539}.NoNetworking|Any CPU.Build.0 = Release|Any CPU
		{19E8EC00-6EEE-414C-83D3-CA82824A9539}.Release|Any CPU.ActiveCfg = Release|Any CPU
		{19E8EC00-6EEE-414C-83D3-CA82824A9539}.Release|Any CPU.Build.0 = Release|Any CPU
		{19E8EC00-6EEE-414C-83D3-CA82824A9539}.Wifi|Any CPU.ActiveCfg = Release|Any CPU
		{19E8EC00-6EEE-414C-83D3-CA82824A9539}.Wifi|Any CPU.Build.0 = Release|Any CPU
		{08A63362-99B8-40DD-A172-D1BDD032D1D2}.Debug|Any CPU.ActiveCfg = Debug|Any CPU
		{08A63362-99B8-40DD-A172-D1BDD032D1D2}.Debug|Any CPU.Build.0 = Debug|Any CPU
		{08A63362-99B8-40DD-A172-D1BDD032D1D2}.Ethernet|Any CPU.ActiveCfg = Release|Any CPU
		{08A63362-99B8-40DD-A172-D1BDD032D1D2}.Ethernet|Any CPU.Build.0 = Release|Any CPU
		{08A63362-99B8-40DD-A172-D1BDD032D1D2}.NoNetworking|Any CPU.ActiveCfg = Release|Any CPU
		{08A63362-99B8-40DD-A172-D1BDD032D1D2}.NoNetworking|Any CPU.Build.0 = Release|Any CPU
		{08A63362-99B8-40DD-A172-D1BDD032D1D2}.Release|Any CPU.ActiveCfg = Release|Any CPU
		{08A63362-99B8-40DD-A172-D1BDD032D1D2}.Release|Any CPU.Build.0 = Release|Any CPU
		{08A63362-99B8-40DD-A172-D1BDD032D1D2}.Wifi|Any CPU.ActiveCfg = Release|Any CPU
		{08A63362-99B8-40DD-A172-D1BDD032D1D2}.Wifi|Any CPU.Build.0 = Release|Any CPU
		{9FFDFBEB-DC80-45B3-BE17-9832A33B3C0D}.Debug|Any CPU.ActiveCfg = Debug|Any CPU
		{9FFDFBEB-DC80-45B3-BE17-9832A33B3C0D}.Debug|Any CPU.Build.0 = Debug|Any CPU
		{9FFDFBEB-DC80-45B3-BE17-9832A33B3C0D}.Ethernet|Any CPU.ActiveCfg = Release|Any CPU
		{9FFDFBEB-DC80-45B3-BE17-9832A33B3C0D}.Ethernet|Any CPU.Build.0 = Release|Any CPU
		{9FFDFBEB-DC80-45B3-BE17-9832A33B3C0D}.NoNetworking|Any CPU.ActiveCfg = Release|Any CPU
		{9FFDFBEB-DC80-45B3-BE17-9832A33B3C0D}.NoNetworking|Any CPU.Build.0 = Release|Any CPU
		{9FFDFBEB-DC80-45B3-BE17-9832A33B3C0D}.Release|Any CPU.ActiveCfg = Release|Any CPU
		{9FFDFBEB-DC80-45B3-BE17-9832A33B3C0D}.Release|Any CPU.Build.0 = Release|Any CPU
		{9FFDFBEB-DC80-45B3-BE17-9832A33B3C0D}.Wifi|Any CPU.ActiveCfg = Release|Any CPU
		{9FFDFBEB-DC80-45B3-BE17-9832A33B3C0D}.Wifi|Any CPU.Build.0 = Release|Any CPU
		{80420E6A-30FB-4449-895D-9785D338F13F}.Debug|Any CPU.ActiveCfg = Debug|Any CPU
		{80420E6A-30FB-4449-895D-9785D338F13F}.Debug|Any CPU.Build.0 = Debug|Any CPU
		{80420E6A-30FB-4449-895D-9785D338F13F}.Ethernet|Any CPU.ActiveCfg = Debug|Any CPU
		{80420E6A-30FB-4449-895D-9785D338F13F}.Ethernet|Any CPU.Build.0 = Debug|Any CPU
		{80420E6A-30FB-4449-895D-9785D338F13F}.NoNetworking|Any CPU.ActiveCfg = Debug|Any CPU
		{80420E6A-30FB-4449-895D-9785D338F13F}.NoNetworking|Any CPU.Build.0 = Debug|Any CPU
		{80420E6A-30FB-4449-895D-9785D338F13F}.Release|Any CPU.ActiveCfg = Release|Any CPU
		{80420E6A-30FB-4449-895D-9785D338F13F}.Release|Any CPU.Build.0 = Release|Any CPU
		{80420E6A-30FB-4449-895D-9785D338F13F}.Wifi|Any CPU.ActiveCfg = Debug|Any CPU
		{80420E6A-30FB-4449-895D-9785D338F13F}.Wifi|Any CPU.Build.0 = Debug|Any CPU
	EndGlobalSection
	GlobalSection(SolutionProperties) = preSolution
		HideSolutionNode = FALSE
	EndGlobalSection
	GlobalSection(ExtensibilityGlobals) = postSolution
		SolutionGuid = {82EEDA3F-EC02-4244-81B4-B206C57C52BD}
	EndGlobalSection
EndGlobal
